
Microsoft Visual Studio Solution File, Format Version 12.00
# Visual Studio Version 16
VisualStudioVersion = 16.0.31112.23
MinimumVisualStudioVersion = 10.0.40219.1
Project("{FAE04EC0-301F-11D3-BF4B-00C04F79EFBC}") = "TodoApi", "TodoApi\TodoApi.csproj", "{0A07EEC5-304F-4E5F-AABB-45CE1E1D124A}"
EndProject
Global
	GlobalSection(SolutionConfigurationPlatforms) = preSolution
		Debug|Any CPU = Debug|Any CPU
		Release|Any CPU = Release|Any CPU
	EndGlobalSection
	GlobalSection(ProjectConfigurationPlatforms) = postSolution
		{0A07EEC5-304F-4E5F-AABB-45CE1E1D124A}.Debug|Any CPU.ActiveCfg = Debug|Any CPU
		{0A07EEC5-304F-4E5F-AABB-45CE1E1D124A}.Debug|Any CPU.Build.0 = Debug|Any CPU
		{0A07EEC5-304F-4E5F-AABB-45CE1E1D124A}.Release|Any CPU.ActiveCfg = Release|Any CPU
		{0A07EEC5-304F-4E5F-AABB-45CE1E1D124A}.Release|Any CPU.Build.0 = Release|Any CPU
	EndGlobalSection
	GlobalSection(SolutionProperties) = preSolution
		HideSolutionNode = FALSE
	EndGlobalSection
	GlobalSection(ExtensibilityGlobals) = postSolution
		SolutionGuid = {773A7C94-C162-431B-B483-0014EA8ECF56}
	EndGlobalSection
EndGlobal
